{
  "pins" : [
    {
      "identity" : "swift-argument-parser",
      "kind" : "remoteSourceControl",
      "location" : "https://github.com/apple/swift-argument-parser",
      "state" : {
        "revision" : "0000000000000000000000000000000000000000",
        "version" : "1.3.0"
      }
    }
  ],
  "version" : 2
}
